{
    "_readme": [
        "This file locks the dependencies of your project to a known state",
        "Read more about it at https://getcomposer.org/doc/01-basic-usage.md#composer-lock-the-lock-file",
        "This file is @generated automatically"
    ],
    "hash": "32e12efdc4b8e47181e3d1f173cb7cc7",
    "content-hash": "313feb8b94a631716ce57aefd94ffcbf",
    "packages": [
        {
            "name": "pusher/pusher-php-server",
            "version": "2.6.3",
            "source": {
                "type": "git",
                "url": "https://github.com/pusher/pusher-http-php.git",
                "reference": "7101edc482d1b1de027abadd7a80a0d00222ef08"
            },
            "dist": {
                "type": "zip",
                "url": "https://api.github.com/repos/pusher/pusher-http-php/zipball/7101edc482d1b1de027abadd7a80a0d00222ef08",
                "reference": "7101edc482d1b1de027abadd7a80a0d00222ef08",
                "shasum": ""
            },
            "require": {
                "ext-curl": "*",
                "php": ">=5.2"
            },
            "require-dev": {
                "phpunit/phpunit": "~4"
            },
            "type": "library",
            "autoload": {
                "classmap": [
                    "lib/"
                ]
            },
            "notification-url": "https://packagist.org/downloads/",
            "license": [
                "MIT"
            ],
            "description": "Library for interacting with the Pusher REST API",
            "homepage": "https://github.com/pusher/pusher-php-server",
            "keywords": [
                "events",
                "php-pusher-server",
                "publish",
                "pusher",
                "realtime",
                "rest",
                "trigger"
            ],
            "time": "2016-12-22 10:46:28"
        },
        {
            "name": "pushpad/pushpad-php",
            "version": "v1.1.0",
            "source": {
                "type": "git",
                "url": "https://github.com/pushpad/pushpad-php.git",
                "reference": "5aa1352316893d09968348d58a077216c84830f4"
            },
            "dist": {
                "type": "zip",
                "url": "https://api.github.com/repos/pushpad/pushpad-php/zipball/5aa1352316893d09968348d58a077216c84830f4",
                "reference": "5aa1352316893d09968348d58a077216c84830f4",
                "shasum": ""
            },
            "require": {
                "ext-curl": "*",
                "ext-json": "*",
                "php": ">=5.3.3"
            },
            "type": "library",
            "autoload": {
                "psr-4": {
                    "Pushpad\\": "lib/"
                }
            },
            "notification-url": "https://packagist.org/downloads/",
            "license": [
                "MIT"
            ],
            "authors": [
                {
                    "name": "Pushpad",
                    "homepage": "https://pushpad.xyz"
                }
            ],
            "description": "Pushpad PHP Library",
            "homepage": "https://pushpad.xyz",
            "keywords": [
                "api",
                "push notifications",
                "pushpad"
            ],
            "time": "2017-06-06 09:22:53"
        }
    ],
    "packages-dev": [],
    "aliases": [],
    "minimum-stability": "stable",
    "stability-flags": [],
    "prefer-stable": false,
    "prefer-lowest": false,
    "platform": [],
    "platform-dev": []
}
